
Microsoft Visual Studio Solution File, Format Version 12.00
# Visual Studio Version 17
VisualStudioVersion = 17.8.34330.188
MinimumVisualStudioVersion = 10.0.40219.1
Project("{9A19103F-16F7-4668-BE54-9A1E7A4F7556}") = "CSLGaming.Data", "CSLGaming.Data\CSLGaming.Data.csproj", "{0112DD3F-01D8-407E-B205-6BCEA035DBED}"
EndProject
Project("{9A19103F-16F7-4668-BE54-9A1E7A4F7556}") = "CSLGaming.Data.Shared", "CSLGaming.Data.Shared\CSLGaming.Data.Shared.csproj", "{F5837916-7CAF-4919-ACF5-BEB7B269C1A7}"
EndProject
Project("{9A19103F-16F7-4668-BE54-9A1E7A4F7556}") = "CSLGaming.API.Category", "CSLGaming.API.Category\CSLGaming.API.Category.csproj", "{3E58B427-AB8D-41BB-AC5F-FFAC718A4989}"
EndProject
Project("{9A19103F-16F7-4668-BE54-9A1E7A4F7556}") = "CSLGaming.API.Extensions", "CSLGaming.API.Extensions\CSLGaming.API.Extensions.csproj", "{F5CEF069-7071-4991-9027-283D8EBA78B0}"
EndProject
Project("{9A19103F-16F7-4668-BE54-9A1E7A4F7556}") = "CSLGaming.API.DTO", "CSLGaming.API.DTO\CSLGaming.API.DTO.csproj", "{411FC4EB-3D13-45D8-8B69-9208186E0A34}"
EndProject
Project("{FAE04EC0-301F-11D3-BF4B-00C04F79EFBC}") = "CSLGaming.UI", "CSLGaming.UI\CSLGaming.UI.csproj", "{CE586008-31CB-4E42-8295-8B909E2D1FA0}"
EndProject
Global
	GlobalSection(SolutionConfigurationPlatforms) = preSolution
		Debug|Any CPU = Debug|Any CPU
		Release|Any CPU = Release|Any CPU
	EndGlobalSection
	GlobalSection(ProjectConfigurationPlatforms) = postSolution
		{0112DD3F-01D8-407E-B205-6BCEA035DBED}.Debug|Any CPU.ActiveCfg = Debug|Any CPU
		{0112DD3F-01D8-407E-B205-6BCEA035DBED}.Debug|Any CPU.Build.0 = Debug|Any CPU
		{0112DD3F-01D8-407E-B205-6BCEA035DBED}.Release|Any CPU.ActiveCfg = Release|Any CPU
		{0112DD3F-01D8-407E-B205-6BCEA035DBED}.Release|Any CPU.Build.0 = Release|Any CPU
		{F5837916-7CAF-4919-ACF5-BEB7B269C1A7}.Debug|Any CPU.ActiveCfg = Debug|Any CPU
		{F5837916-7CAF-4919-ACF5-BEB7B269C1A7}.Debug|Any CPU.Build.0 = Debug|Any CPU
		{F5837916-7CAF-4919-ACF5-BEB7B269C1A7}.Release|Any CPU.ActiveCfg = Release|Any CPU
		{F5837916-7CAF-4919-ACF5-BEB7B269C1A7}.Release|Any CPU.Build.0 = Release|Any CPU
		{3E58B427-AB8D-41BB-AC5F-FFAC718A4989}.Debug|Any CPU.ActiveCfg = Debug|Any CPU
		{3E58B427-AB8D-41BB-AC5F-FFAC718A4989}.Debug|Any CPU.Build.0 = Debug|Any CPU
		{3E58B427-AB8D-41BB-AC5F-FFAC718A4989}.Release|Any CPU.ActiveCfg = Release|Any CPU
		{3E58B427-AB8D-41BB-AC5F-FFAC718A4989}.Release|Any CPU.Build.0 = Release|Any CPU
		{F5CEF069-7071-4991-9027-283D8EBA78B0}.Debug|Any CPU.ActiveCfg = Debug|Any CPU
		{F5CEF069-7071-4991-9027-283D8EBA78B0}.Debug|Any CPU.Build.0 = Debug|Any CPU
		{F5CEF069-7071-4991-9027-283D8EBA78B0}.Release|Any CPU.ActiveCfg = Release|Any CPU
		{F5CEF069-7071-4991-9027-283D8EBA78B0}.Release|Any CPU.Build.0 = Release|Any CPU
		{411FC4EB-3D13-45D8-8B69-9208186E0A34}.Debug|Any CPU.ActiveCfg = Debug|Any CPU
		{411FC4EB-3D13-45D8-8B69-9208186E0A34}.Debug|Any CPU.Build.0 = Debug|Any CPU
		{411FC4EB-3D13-45D8-8B69-9208186E0A34}.Release|Any CPU.ActiveCfg = Release|Any CPU
		{411FC4EB-3D13-45D8-8B69-9208186E0A34}.Release|Any CPU.Build.0 = Release|Any CPU
		{CE586008-31CB-4E42-8295-8B909E2D1FA0}.Debug|Any CPU.ActiveCfg = Debug|Any CPU
		{CE586008-31CB-4E42-8295-8B909E2D1FA0}.Debug|Any CPU.Build.0 = Debug|Any CPU
		{CE586008-31CB-4E42-8295-8B909E2D1FA0}.Release|Any CPU.ActiveCfg = Release|Any CPU
		{CE586008-31CB-4E42-8295-8B909E2D1FA0}.Release|Any CPU.Build.0 = Release|Any CPU
	EndGlobalSection
	GlobalSection(SolutionProperties) = preSolution
		HideSolutionNode = FALSE
	EndGlobalSection
	GlobalSection(ExtensibilityGlobals) = postSolution
		SolutionGuid = {540C2384-8B02-4CEF-AFC4-1F60DF833735}
	EndGlobalSection
EndGlobal
